
Microsoft Visual Studio Solution File, Format Version 12.00
# Visual Studio Version 16
VisualStudioVersion = 16.0.30413.136
MinimumVisualStudioVersion = 10.0.40219.1
Project("{FAE04EC0-301F-11D3-BF4B-00C04F79EFBC}") = "Semaphore", "Semaphore\Semaphore.csproj", "{E6D4425C-2A7F-46C9-9B3C-EE7CAB1D372E}"
EndProject
Global
	GlobalSection(SolutionConfigurationPlatforms) = preSolution
		Debug|Any CPU = Debug|Any CPU
		Release|Any CPU = Release|Any CPU
	EndGlobalSection
	GlobalSection(ProjectConfigurationPlatforms) = postSolution
		{E6D4425C-2A7F-46C9-9B3C-EE7CAB1D372E}.Debug|Any CPU.ActiveCfg = Debug|Any CPU
		{E6D4425C-2A7F-46C9-9B3C-EE7CAB1D372E}.Debug|Any CPU.Build.0 = Debug|Any CPU
		{E6D4425C-2A7F-46C9-9B3C-EE7CAB1D372E}.Release|Any CPU.ActiveCfg = Release|Any CPU
		{E6D4425C-2A7F-46C9-9B3C-EE7CAB1D372E}.Release|Any CPU.Build.0 = Release|Any CPU
	EndGlobalSection
	GlobalSection(SolutionProperties) = preSolution
		HideSolutionNode = FALSE
	EndGlobalSection
	GlobalSection(ExtensibilityGlobals) = postSolution
		SolutionGuid = {1A48AAB7-8DBC-422D-B716-A1469070A7B0}
	EndGlobalSection
EndGlobal
